
Microsoft Visual Studio Solution File, Format Version 12.00
# Visual Studio Version 16
VisualStudioVersion = 16.0.30503.244
MinimumVisualStudioVersion = 10.0.40219.1
Project("{9A19103F-16F7-4668-BE54-9A1E7A4F7556}") = "DevopsTest", "DevopsTest\DevopsTest.csproj", "{4783DF6D-D765-4137-A1A6-7816265B04DE}"
EndProject
Project("{FAE04EC0-301F-11D3-BF4B-00C04F79EFBC}") = "DevopsTestTests", "DevopsTestTests\DevopsTestTests.csproj", "{C9BEA558-F5E3-429B-9768-93CF17B2F02F}"
EndProject
Global
	GlobalSection(SolutionConfigurationPlatforms) = preSolution
		Debug|Any CPU = Debug|Any CPU
		Release|Any CPU = Release|Any CPU
	EndGlobalSection
	GlobalSection(ProjectConfigurationPlatforms) = postSolution
		{4783DF6D-D765-4137-A1A6-7816265B04DE}.Debug|Any CPU.ActiveCfg = Debug|Any CPU
		{4783DF6D-D765-4137-A1A6-7816265B04DE}.Debug|Any CPU.Build.0 = Debug|Any CPU
		{4783DF6D-D765-4137-A1A6-7816265B04DE}.Release|Any CPU.ActiveCfg = Release|Any CPU
		{4783DF6D-D765-4137-A1A6-7816265B04DE}.Release|Any CPU.Build.0 = Release|Any CPU
		{C9BEA558-F5E3-429B-9768-93CF17B2F02F}.Debug|Any CPU.ActiveCfg = Debug|Any CPU
		{C9BEA558-F5E3-429B-9768-93CF17B2F02F}.Debug|Any CPU.Build.0 = Debug|Any CPU
		{C9BEA558-F5E3-429B-9768-93CF17B2F02F}.Release|Any CPU.ActiveCfg = Release|Any CPU
		{C9BEA558-F5E3-429B-9768-93CF17B2F02F}.Release|Any CPU.Build.0 = Release|Any CPU
	EndGlobalSection
	GlobalSection(SolutionProperties) = preSolution
		HideSolutionNode = FALSE
	EndGlobalSection
	GlobalSection(ExtensibilityGlobals) = postSolution
		SolutionGuid = {6055BA9A-47C3-44D9-AF2A-A6DBAC1304EC}
	EndGlobalSection
EndGlobal
